FORGE
  remote: https://forgeapi.puppetlabs.com
  specs:
    puppet-nginx (0.11.0)
      puppetlabs-concat (< 5.0.0, >= 3.0.0)
      puppetlabs-stdlib (< 5.0.0, >= 4.13.1)
    puppetlabs-apt (4.5.1)
      puppetlabs-stdlib (< 5.0.0, >= 4.16.0)
    puppetlabs-concat (4.2.1)
      puppetlabs-stdlib (< 5.0.0, >= 4.13.1)
    puppetlabs-stdlib (4.25.1)
    saz-timezone (4.1.1)
      puppetlabs-stdlib (< 5.0.0, >= 2.6.0)
      stm-debconf (< 3.0.0, >= 2.0.0)
    saz-vim (2.7.0)
    stm-debconf (2.2.0)

GIT
  remote: git@github.com:locbadge/infrastructure.git
  path: puppet/our_modules/bashrc
  ref: ca137252e6b2cd6b4f5853e9139ae70fa3da9ec3
  sha: ca137252e6b2cd6b4f5853e9139ae70fa3da9ec3
  specs:
    andresgutgon-bashrc (0.0.1)

GIT
  remote: git@github.com:locbadge/infrastructure.git
  path: puppet/our_modules/elixir
  ref: ca137252e6b2cd6b4f5853e9139ae70fa3da9ec3
  sha: ca137252e6b2cd6b4f5853e9139ae70fa3da9ec3
  specs:
    andresgutgon-elixir (0.1.1)
      puppetlabs-apt (>= 1.0.0)

GIT
  remote: git@github.com:locbadge/infrastructure.git
  path: puppet/our_modules/users
  ref: ca137252e6b2cd6b4f5853e9139ae70fa3da9ec3
  sha: ca137252e6b2cd6b4f5853e9139ae70fa3da9ec3
  specs:
    andresgutgon-users (0.1.0)

GIT
  remote: git@github.com:locbadge/infrastructure.git
  path: puppet/our_modules/utils
  ref: ca137252e6b2cd6b4f5853e9139ae70fa3da9ec3
  sha: ca137252e6b2cd6b4f5853e9139ae70fa3da9ec3
  specs:
    andresgutgon-utils (0.1.0)

DEPENDENCIES
  andresgutgon-bashrc (>= 0)
  andresgutgon-elixir (>= 0)
  andresgutgon-users (>= 0)
  andresgutgon-utils (>= 0)
  puppet-nginx (= 0.11.0)
  puppetlabs-apt (= 4.5.1)
  saz-timezone (= 4.1.1)
  saz-vim (= 2.7.0)

